
Microsoft Visual Studio Solution File, Format Version 12.00
# Visual Studio Version 17
VisualStudioVersion = 17.7.34031.279
MinimumVisualStudioVersion = 10.0.40219.1
Project("{FAE04EC0-301F-11D3-BF4B-00C04F79EFBC}") = "String,Array,Char methods, Access modifiers", "String,Array,Char methods, Access modifiers\String,Array,Char methods, Access modifiers.csproj", "{120F9C85-0418-415E-A83D-DE2750D087B1}"
EndProject
Global
	GlobalSection(SolutionConfigurationPlatforms) = preSolution
		Debug|Any CPU = Debug|Any CPU
		Release|Any CPU = Release|Any CPU
	EndGlobalSection
	GlobalSection(ProjectConfigurationPlatforms) = postSolution
		{120F9C85-0418-415E-A83D-DE2750D087B1}.Debug|Any CPU.ActiveCfg = Debug|Any CPU
		{120F9C85-0418-415E-A83D-DE2750D087B1}.Debug|Any CPU.Build.0 = Debug|Any CPU
		{120F9C85-0418-415E-A83D-DE2750D087B1}.Release|Any CPU.ActiveCfg = Release|Any CPU
		{120F9C85-0418-415E-A83D-DE2750D087B1}.Release|Any CPU.Build.0 = Release|Any CPU
	EndGlobalSection
	GlobalSection(SolutionProperties) = preSolution
		HideSolutionNode = FALSE
	EndGlobalSection
	GlobalSection(ExtensibilityGlobals) = postSolution
		SolutionGuid = {30AB23E1-5E03-49A0-AA9D-7E46244C8BD1}
	EndGlobalSection
EndGlobal
